# This file is generated by running "yarn install" inside your project.
# Manual changes might be lost - proceed with caution!

__metadata:
  version: 8
  cacheKey: 10c0

"@esbuild/aix-ppc64@npm:0.25.2":
  version: 0.25.2
  resolution: "@esbuild/aix-ppc64@npm:0.25.2"
  conditions: os=aix & cpu=ppc64
  languageName: node
  linkType: hard

"@esbuild/android-arm64@npm:0.25.2":
  version: 0.25.2
  resolution: "@esbuild/android-arm64@npm:0.25.2"
  conditions: os=android & cpu=arm64
  languageName: node
  linkType: hard

"@esbuild/android-arm@npm:0.25.2":
  version: 0.25.2
  resolution: "@esbuild/android-arm@npm:0.25.2"
  conditions: os=android & cpu=arm
  languageName: node
  linkType: hard

"@esbuild/android-x64@npm:0.25.2":
  version: 0.25.2
  resolution: "@esbuild/android-x64@npm:0.25.2"
  conditions: os=android & cpu=x64
  languageName: node
  linkType: hard

"@esbuild/darwin-arm64@npm:0.25.2":
  version: 0.25.2
  resolution: "@esbuild/darwin-arm64@npm:0.25.2"
  conditions: os=darwin & cpu=arm64
  languageName: node
  linkType: hard

"@esbuild/darwin-x64@npm:0.25.2":
  version: 0.25.2
  resolution: "@esbuild/darwin-x64@npm:0.25.2"
  conditions: os=darwin & cpu=x64
  languageName: node
  linkType: hard

"@esbuild/freebsd-arm64@npm:0.25.2":
  version: 0.25.2
  resolution: "@esbuild/freebsd-arm64@npm:0.25.2"
  conditions: os=freebsd & cpu=arm64
  languageName: node
  linkType: hard

"@esbuild/freebsd-x64@npm:0.25.2":
  version: 0.25.2
  resolution: "@esbuild/freebsd-x64@npm:0.25.2"
  conditions: os=freebsd & cpu=x64
  languageName: node
  linkType: hard

"@esbuild/linux-arm64@npm:0.25.2":
  version: 0.25.2
  resolution: "@esbuild/linux-arm64@npm:0.25.2"
  conditions: os=linux & cpu=arm64
  languageName: node
  linkType: hard

"@esbuild/linux-arm@npm:0.25.2":
  version: 0.25.2
  resolution: "@esbuild/linux-arm@npm:0.25.2"
  conditions: os=linux & cpu=arm
  languageName: node
  linkType: hard

"@esbuild/linux-ia32@npm:0.25.2":
  version: 0.25.2
  resolution: "@esbuild/linux-ia32@npm:0.25.2"
  conditions: os=linux & cpu=ia32
  languageName: node
  linkType: hard

"@esbuild/linux-loong64@npm:0.25.2":
  version: 0.25.2
  resolution: "@esbuild/linux-loong64@npm:0.25.2"
  conditions: os=linux & cpu=loong64
  languageName: node
  linkType: hard

"@esbuild/linux-mips64el@npm:0.25.2":
  version: 0.25.2
  resolution: "@esbuild/linux-mips64el@npm:0.25.2"
  conditions: os=linux & cpu=mips64el
  languageName: node
  linkType: hard

"@esbuild/linux-ppc64@npm:0.25.2":
  version: 0.25.2
  resolution: "@esbuild/linux-ppc64@npm:0.25.2"
  conditions: os=linux & cpu=ppc64
  languageName: node
  linkType: hard

"@esbuild/linux-riscv64@npm:0.25.2":
  version: 0.25.2
  resolution: "@esbuild/linux-riscv64@npm:0.25.2"
  conditions: os=linux & cpu=riscv64
  languageName: node
  linkType: hard

"@esbuild/linux-s390x@npm:0.25.2":
  version: 0.25.2
  resolution: "@esbuild/linux-s390x@npm:0.25.2"
  conditions: os=linux & cpu=s390x
  languageName: node
  linkType: hard

"@esbuild/linux-x64@npm:0.25.2":
  version: 0.25.2
  resolution: "@esbuild/linux-x64@npm:0.25.2"
  conditions: os=linux & cpu=x64
  languageName: node
  linkType: hard

"@esbuild/netbsd-arm64@npm:0.25.2":
  version: 0.25.2
  resolution: "@esbuild/netbsd-arm64@npm:0.25.2"
  conditions: os=netbsd & cpu=arm64
  languageName: node
  linkType: hard

"@esbuild/netbsd-x64@npm:0.25.2":
  version: 0.25.2
  resolution: "@esbuild/netbsd-x64@npm:0.25.2"
  conditions: os=netbsd & cpu=x64
  languageName: node
  linkType: hard

"@esbuild/openbsd-arm64@npm:0.25.2":
  version: 0.25.2
  resolution: "@esbuild/openbsd-arm64@npm:0.25.2"
  conditions: os=openbsd & cpu=arm64
  languageName: node
  linkType: hard

"@esbuild/openbsd-x64@npm:0.25.2":
  version: 0.25.2
  resolution: "@esbuild/openbsd-x64@npm:0.25.2"
  conditions: os=openbsd & cpu=x64
  languageName: node
  linkType: hard

"@esbuild/sunos-x64@npm:0.25.2":
  version: 0.25.2
  resolution: "@esbuild/sunos-x64@npm:0.25.2"
  conditions: os=sunos & cpu=x64
  languageName: node
  linkType: hard

"@esbuild/win32-arm64@npm:0.25.2":
  version: 0.25.2
  resolution: "@esbuild/win32-arm64@npm:0.25.2"
  conditions: os=win32 & cpu=arm64
  languageName: node
  linkType: hard

"@esbuild/win32-ia32@npm:0.25.2":
  version: 0.25.2
  resolution: "@esbuild/win32-ia32@npm:0.25.2"
  conditions: os=win32 & cpu=ia32
  languageName: node
  linkType: hard

"@esbuild/win32-x64@npm:0.25.2":
  version: 0.25.2
  resolution: "@esbuild/win32-x64@npm:0.25.2"
  conditions: os=win32 & cpu=x64
  languageName: node
  linkType: hard

"@swc/core-darwin-arm64@npm:1.11.22":
  version: 1.11.22
  resolution: "@swc/core-darwin-arm64@npm:1.11.22"
  conditions: os=darwin & cpu=arm64
  languageName: node
  linkType: hard

"@swc/core-darwin-x64@npm:1.11.22":
  version: 1.11.22
  resolution: "@swc/core-darwin-x64@npm:1.11.22"
  conditions: os=darwin & cpu=x64
  languageName: node
  linkType: hard

"@swc/core-linux-arm-gnueabihf@npm:1.11.22":
  version: 1.11.22
  resolution: "@swc/core-linux-arm-gnueabihf@npm:1.11.22"
  conditions: os=linux & cpu=arm
  languageName: node
  linkType: hard

"@swc/core-linux-arm64-gnu@npm:1.11.22":
  version: 1.11.22
  resolution: "@swc/core-linux-arm64-gnu@npm:1.11.22"
  conditions: os=linux & cpu=arm64 & libc=glibc
  languageName: node
  linkType: hard

"@swc/core-linux-arm64-musl@npm:1.11.22":
  version: 1.11.22
  resolution: "@swc/core-linux-arm64-musl@npm:1.11.22"
  conditions: os=linux & cpu=arm64 & libc=musl
  languageName: node
  linkType: hard

"@swc/core-linux-x64-gnu@npm:1.11.22":
  version: 1.11.22
  resolution: "@swc/core-linux-x64-gnu@npm:1.11.22"
  conditions: os=linux & cpu=x64 & libc=glibc
  languageName: node
  linkType: hard

"@swc/core-linux-x64-musl@npm:1.11.22":
  version: 1.11.22
  resolution: "@swc/core-linux-x64-musl@npm:1.11.22"
  conditions: os=linux & cpu=x64 & libc=musl
  languageName: node
  linkType: hard

"@swc/core-win32-arm64-msvc@npm:1.11.22":
  version: 1.11.22
  resolution: "@swc/core-win32-arm64-msvc@npm:1.11.22"
  conditions: os=win32 & cpu=arm64
  languageName: node
  linkType: hard

"@swc/core-win32-ia32-msvc@npm:1.11.22":
  version: 1.11.22
  resolution: "@swc/core-win32-ia32-msvc@npm:1.11.22"
  conditions: os=win32 & cpu=ia32
  languageName: node
  linkType: hard

"@swc/core-win32-x64-msvc@npm:1.11.22":
  version: 1.11.22
  resolution: "@swc/core-win32-x64-msvc@npm:1.11.22"
  conditions: os=win32 & cpu=x64
  languageName: node
  linkType: hard

"@swc/core@npm:1.11.22":
  version: 1.11.22
  resolution: "@swc/core@npm:1.11.22"
  dependencies:
    "@swc/core-darwin-arm64": "npm:1.11.22"
    "@swc/core-darwin-x64": "npm:1.11.22"
    "@swc/core-linux-arm-gnueabihf": "npm:1.11.22"
    "@swc/core-linux-arm64-gnu": "npm:1.11.22"
    "@swc/core-linux-arm64-musl": "npm:1.11.22"
    "@swc/core-linux-x64-gnu": "npm:1.11.22"
    "@swc/core-linux-x64-musl": "npm:1.11.22"
    "@swc/core-win32-arm64-msvc": "npm:1.11.22"
    "@swc/core-win32-ia32-msvc": "npm:1.11.22"
    "@swc/core-win32-x64-msvc": "npm:1.11.22"
    "@swc/counter": "npm:^0.1.3"
    "@swc/types": "npm:^0.1.21"
  peerDependencies:
    "@swc/helpers": ">=0.5.17"
  dependenciesMeta:
    "@swc/core-darwin-arm64":
      optional: true
    "@swc/core-darwin-x64":
      optional: true
    "@swc/core-linux-arm-gnueabihf":
      optional: true
    "@swc/core-linux-arm64-gnu":
      optional: true
    "@swc/core-linux-arm64-musl":
      optional: true
    "@swc/core-linux-x64-gnu":
      optional: true
    "@swc/core-linux-x64-musl":
      optional: true
    "@swc/core-win32-arm64-msvc":
      optional: true
    "@swc/core-win32-ia32-msvc":
      optional: true
    "@swc/core-win32-x64-msvc":
      optional: true
  peerDependenciesMeta:
    "@swc/helpers":
      optional: true
  checksum: 10c0/0ef8f9b5bb27e0cb2885929b0ae4c1242a152e3d144e744d260d5a8451ebbf3dd3156ad08177480a6666268801d1269e1c4f6ff808091872f8975b79dac90d7a
  languageName: node
  linkType: hard

"@swc/counter@npm:^0.1.3":
  version: 0.1.3
  resolution: "@swc/counter@npm:0.1.3"
  checksum: 10c0/8424f60f6bf8694cfd2a9bca45845bce29f26105cda8cf19cdb9fd3e78dc6338699e4db77a89ae449260bafa1cc6bec307e81e7fb96dbf7dcfce0eea55151356
  languageName: node
  linkType: hard

"@swc/types@npm:^0.1.21":
  version: 0.1.21
  resolution: "@swc/types@npm:0.1.21"
  dependencies:
    "@swc/counter": "npm:^0.1.3"
  checksum: 10c0/2baa89c824426e0de0c84e212278010e2df8dc2d6ffaa6f1e306e1b2930c6404b3d3f8989307e8c42ceb95ac143ab7a80be138af6a014d5c782dce5be94dcd5e
  languageName: node
  linkType: hard

"@types/node@npm:^22.14.0":
  version: 22.14.0
  resolution: "@types/node@npm:22.14.0"
  dependencies:
    undici-types: "npm:~6.21.0"
  checksum: 10c0/9d79f3fa1af9c2c869514f419c4a4905b34c10e12915582fd1784868ac4e74c6d306cf5eb47ef889b6750ab85a31be96618227b86739c4a3e0b1c15063f384c6
  languageName: node
  linkType: hard

"deepmerge@npm:^4.3.1":
  version: 4.3.1
  resolution: "deepmerge@npm:4.3.1"
  checksum: 10c0/e53481aaf1aa2c4082b5342be6b6d8ad9dfe387bc92ce197a66dea08bd4265904a087e75e464f14d1347cf2ac8afe1e4c16b266e0561cc5df29382d3c5f80044
  languageName: node
  linkType: hard

"esbuild-plugin-swc@workspace:.":
  version: 0.0.0-use.local
  resolution: "esbuild-plugin-swc@workspace:."
  dependencies:
    "@swc/core": "npm:1.11.22"
    "@types/node": "npm:^22.14.0"
    deepmerge: "npm:^4.3.1"
    esbuild: "npm:0.25.2"
    typescript: "npm:^5.8.2"
  languageName: unknown
  linkType: soft

"esbuild@npm:0.25.2":
  version: 0.25.2
  resolution: "esbuild@npm:0.25.2"
  dependencies:
    "@esbuild/aix-ppc64": "npm:0.25.2"
    "@esbuild/android-arm": "npm:0.25.2"
    "@esbuild/android-arm64": "npm:0.25.2"
    "@esbuild/android-x64": "npm:0.25.2"
    "@esbuild/darwin-arm64": "npm:0.25.2"
    "@esbuild/darwin-x64": "npm:0.25.2"
    "@esbuild/freebsd-arm64": "npm:0.25.2"
    "@esbuild/freebsd-x64": "npm:0.25.2"
    "@esbuild/linux-arm": "npm:0.25.2"
    "@esbuild/linux-arm64": "npm:0.25.2"
    "@esbuild/linux-ia32": "npm:0.25.2"
    "@esbuild/linux-loong64": "npm:0.25.2"
    "@esbuild/linux-mips64el": "npm:0.25.2"
    "@esbuild/linux-ppc64": "npm:0.25.2"
    "@esbuild/linux-riscv64": "npm:0.25.2"
    "@esbuild/linux-s390x": "npm:0.25.2"
    "@esbuild/linux-x64": "npm:0.25.2"
    "@esbuild/netbsd-arm64": "npm:0.25.2"
    "@esbuild/netbsd-x64": "npm:0.25.2"
    "@esbuild/openbsd-arm64": "npm:0.25.2"
    "@esbuild/openbsd-x64": "npm:0.25.2"
    "@esbuild/sunos-x64": "npm:0.25.2"
    "@esbuild/win32-arm64": "npm:0.25.2"
    "@esbuild/win32-ia32": "npm:0.25.2"
    "@esbuild/win32-x64": "npm:0.25.2"
  dependenciesMeta:
    "@esbuild/aix-ppc64":
      optional: true
    "@esbuild/android-arm":
      optional: true
    "@esbuild/android-arm64":
      optional: true
    "@esbuild/android-x64":
      optional: true
    "@esbuild/darwin-arm64":
      optional: true
    "@esbuild/darwin-x64":
      optional: true
    "@esbuild/freebsd-arm64":
      optional: true
    "@esbuild/freebsd-x64":
      optional: true
    "@esbuild/linux-arm":
      optional: true
    "@esbuild/linux-arm64":
      optional: true
    "@esbuild/linux-ia32":
      optional: true
    "@esbuild/linux-loong64":
      optional: true
    "@esbuild/linux-mips64el":
      optional: true
    "@esbuild/linux-ppc64":
      optional: true
    "@esbuild/linux-riscv64":
      optional: true
    "@esbuild/linux-s390x":
      optional: true
    "@esbuild/linux-x64":
      optional: true
    "@esbuild/netbsd-arm64":
      optional: true
    "@esbuild/netbsd-x64":
      optional: true
    "@esbuild/openbsd-arm64":
      optional: true
    "@esbuild/openbsd-x64":
      optional: true
    "@esbuild/sunos-x64":
      optional: true
    "@esbuild/win32-arm64":
      optional: true
    "@esbuild/win32-ia32":
      optional: true
    "@esbuild/win32-x64":
      optional: true
  bin:
    esbuild: bin/esbuild
  checksum: 10c0/87ce0b78699c4d192b8cf7e9b688e9a0da10e6f58ff85a368bf3044ca1fa95626c98b769b5459352282e0065585b6f994a5e6699af5cccf9d31178960e2b58fd
  languageName: node
  linkType: hard

"typescript@npm:^5.8.2":
  version: 5.8.2
  resolution: "typescript@npm:5.8.2"
  bin:
    tsc: bin/tsc
    tsserver: bin/tsserver
  checksum: 10c0/5c4f6fbf1c6389b6928fe7b8fcd5dc73bb2d58cd4e3883f1d774ed5bd83b151cbac6b7ecf11723de56d4676daeba8713894b1e9af56174f2f9780ae7848ec3c6
  languageName: node
  linkType: hard

"typescript@patch:typescript@npm%3A^5.8.2#optional!builtin<compat/typescript>":
  version: 5.8.2
  resolution: "typescript@patch:typescript@npm%3A5.8.2#optional!builtin<compat/typescript>::version=5.8.2&hash=5786d5"
  bin:
    tsc: bin/tsc
    tsserver: bin/tsserver
  checksum: 10c0/5448a08e595cc558ab321e49d4cac64fb43d1fa106584f6ff9a8d8e592111b373a995a1d5c7f3046211c8a37201eb6d0f1566f15cdb7a62a5e3be01d087848e2
  languageName: node
  linkType: hard

"undici-types@npm:~6.21.0":
  version: 6.21.0
  resolution: "undici-types@npm:6.21.0"
  checksum: 10c0/c01ed51829b10aa72fc3ce64b747f8e74ae9b60eafa19a7b46ef624403508a54c526ffab06a14a26b3120d055e1104d7abe7c9017e83ced038ea5cf52f8d5e04
  languageName: node
  linkType: hard
